{
  "originHash" : "696b85e53e4027d74c00dda77345f4ec7033711d48068351e8a6346880fdaf5e",
  "pins" : [
    {
      "identity" : "wlp-ios-distribution",
      "kind" : "remoteSourceControl",
      "location" : "https://github.com/paymenttools/wlp-ios-distribution",
      "state" : {
        "branch" : "main",
        "revision" : "9abe1a906e03af609c4a2fb2474698504665743f"
      }
    }
  ],
  "version" : 3
}
