{
  "originHash" : "696b85e53e4027d74c00dda77345f4ec7033711d48068351e8a6346880fdaf5e",
  "pins" : [
    {
      "identity" : "wlp-ios-distribution",
      "kind" : "remoteSourceControl",
      "location" : "https://github.com/paymenttools/wlp-ios-distribution",
      "state" : {
        "revision" : "e84d7c3a6d1535d9d9d07114d40cbd5afbe07050",
        "version" : "1.0.13"
      }
    }
  ],
  "version" : 3
}
