{
  "originHash" : "696b85e53e4027d74c00dda77345f4ec7033711d48068351e8a6346880fdaf5e",
  "pins" : [
    {
      "identity" : "wlp-ios-distribution",
      "kind" : "remoteSourceControl",
      "location" : "https://github.com/paymenttools/wlp-ios-distribution",
      "state" : {
        "revision" : "8f3c0d2df7f7ef036b805e109f332c83220a7801",
        "version" : "1.2.12"
      }
    }
  ],
  "version" : 3
}
