// !$*UTF8*$!
{
	archiveVersion = 1;
	classes = {
	};
	objectVersion = 77;
	objects = {

/* Begin PBXBuildFile section */
		A1160E112D71A1AE0076886F /* WhitelabelPaySDK in Frameworks */ = {isa = PBXBuildFile; productRef = A1160E102D71A1AE0076886F /* WhitelabelPaySDK */; };
		A1309A4E2E60366C000C9B56 /* WhitelabelPaySDK in Frameworks */ = {isa = PBXBuildFile; productRef = A1309A4D2E60366C000C9B56 /* WhitelabelPaySDK */; };
		A13FADF12D711BF400C0AFD5 /* WhitelabelPaySDK in Frameworks */ = {isa = PBXBuildFile; productRef = A13FADF02D711BF400C0AFD5 /* WhitelabelPaySDK */; };
		A1B420352D788A58009A58AF /* WhitelabelPaySDK in Frameworks */ = {isa = PBXBuildFile; productRef = A1B420342D788A58009A58AF /* WhitelabelPaySDK */; };
		A1C60A862E4F4C61005DE1B4 /* WhitelabelPaySDK in Frameworks */ = {isa = PBXBuildFile; productRef = A1C60A852E4F4C61005DE1B4 /* WhitelabelPaySDK */; };
/* End PBXBuildFile section */

/* Begin PBXCopyFilesBuildPhase section */
		A10286CC2D6F7E20006E57EB /* Embed Frameworks */ = {
			isa = PBXCopyFilesBuildPhase;
			buildActionMask = 2147483647;
			dstPath = "";
			dstSubfolderSpec = 10;
			files = (
			);
			name = "Embed Frameworks";
			runOnlyForDeploymentPostprocessing = 0;
		};
/* End PBXCopyFilesBuildPhase section */

/* Begin PBXFileReference section */
		A1367C1B2CDCC343009FDA82 /* WhitelabelPay.app */ = {isa = PBXFileReference; explicitFileType = wrapper.application; includeInIndex = 0; path = WhitelabelPay.app; sourceTree = BUILT_PRODUCTS_DIR; };
/* End PBXFileReference section */

/* Begin PBXFileSystemSynchronizedBuildFileExceptionSet section */
		A13FAE032D71204800C0AFD5 /* Exceptions for "WhitelabelPay" folder in "WhitelabelPay" target */ = {
			isa = PBXFileSystemSynchronizedBuildFileExceptionSet;
			membershipExceptions = (
				Info.plist,
			);
			target = A1367C1A2CDCC343009FDA82 /* WhitelabelPay */;
		};
/* End PBXFileSystemSynchronizedBuildFileExceptionSet section */

/* Begin PBXFileSystemSynchronizedRootGroup section */
		A1367C1D2CDCC343009FDA82 /* WhitelabelPay */ = {
			isa = PBXFileSystemSynchronizedRootGroup;
			exceptions = (
				A13FAE032D71204800C0AFD5 /* Exceptions for "WhitelabelPay" folder in "WhitelabelPay" target */,
			);
			path = WhitelabelPay;
			sourceTree = "<group>";
		};
/* End PBXFileSystemSynchronizedRootGroup section */

/* Begin PBXFrameworksBuildPhase section */
		A1367C182CDCC343009FDA82 /* Frameworks */ = {
			isa = PBXFrameworksBuildPhase;
			buildActionMask = 2147483647;
			files = (
				A13FADF12D711BF400C0AFD5 /* WhitelabelPaySDK in Frameworks */,
				A1C60A862E4F4C61005DE1B4 /* WhitelabelPaySDK in Frameworks */,
				A1160E112D71A1AE0076886F /* WhitelabelPaySDK in Frameworks */,
				A1309A4E2E60366C000C9B56 /* WhitelabelPaySDK in Frameworks */,
				A1B420352D788A58009A58AF /* WhitelabelPaySDK in Frameworks */,
			);
			runOnlyForDeploymentPostprocessing = 0;
		};
/* End PBXFrameworksBuildPhase section */

/* Begin PBXGroup section */
		A10286C92D6F7E20006E57EB /* Frameworks */ = {
			isa = PBXGroup;
			children = (
			);
			name = Frameworks;
			sourceTree = "<group>";
		};
		A1367C122CDCC343009FDA82 = {
			isa = PBXGroup;
			children = (
				A1367C1D2CDCC343009FDA82 /* WhitelabelPay */,
				A1367C1C2CDCC343009FDA82 /* Products */,
				A10286C92D6F7E20006E57EB /* Frameworks */,
			);
			sourceTree = "<group>";
		};
		A1367C1C2CDCC343009FDA82 /* Products */ = {
			isa = PBXGroup;
			children = (
				A1367C1B2CDCC343009FDA82 /* WhitelabelPay.app */,
			);
			name = Products;
			sourceTree = "<group>";
		};
/* End PBXGroup section */

/* Begin PBXNativeTarget section */
		A1367C1A2CDCC343009FDA82 /* WhitelabelPay */ = {
			isa = PBXNativeTarget;
			buildConfigurationList = A1367C292CDCC344009FDA82 /* Build configuration list for PBXNativeTarget "WhitelabelPay" */;
			buildPhases = (
				A1367C172CDCC343009FDA82 /* Sources */,
				A1367C182CDCC343009FDA82 /* Frameworks */,
				A1367C192CDCC343009FDA82 /* Resources */,
				A10286CC2D6F7E20006E57EB /* Embed Frameworks */,
			);
			buildRules = (
			);
			dependencies = (
			);
			fileSystemSynchronizedGroups = (
				A1367C1D2CDCC343009FDA82 /* WhitelabelPay */,
			);
			name = WhitelabelPay;
			packageProductDependencies = (
				A13FADF02D711BF400C0AFD5 /* WhitelabelPaySDK */,
				A1160E102D71A1AE0076886F /* WhitelabelPaySDK */,
				A1B420342D788A58009A58AF /* WhitelabelPaySDK */,
				A1C60A852E4F4C61005DE1B4 /* WhitelabelPaySDK */,
				A1309A4D2E60366C000C9B56 /* WhitelabelPaySDK */,
			);
			productName = WhitelabelPay;
			productReference = A1367C1B2CDCC343009FDA82 /* WhitelabelPay.app */;
			productType = "com.apple.product-type.application";
		};
/* End PBXNativeTarget section */

/* Begin PBXProject section */
		A1367C132CDCC343009FDA82 /* Project object */ = {
			isa = PBXProject;
			attributes = {
				BuildIndependentTargetsInParallel = 1;
				LastSwiftUpdateCheck = 1610;
				LastUpgradeCheck = 1630;
				TargetAttributes = {
					A1367C1A2CDCC343009FDA82 = {
						CreatedOnToolsVersion = 16.1;
					};
				};
			};
			buildConfigurationList = A1367C162CDCC343009FDA82 /* Build configuration list for PBXProject "WhitelabelPay" */;
			developmentRegion = en;
			hasScannedForEncodings = 0;
			knownRegions = (
				en,
				Base,
			);
			mainGroup = A1367C122CDCC343009FDA82;
			minimizedProjectReferenceProxies = 1;
			packageReferences = (
				A1309A4C2E60366C000C9B56 /* XCLocalSwiftPackageReference "../../../../wlp-ios-sdk" */,
			);
			preferredProjectObjectVersion = 77;
			productRefGroup = A1367C1C2CDCC343009FDA82 /* Products */;
			projectDirPath = "";
			projectRoot = "";
			targets = (
				A1367C1A2CDCC343009FDA82 /* WhitelabelPay */,
			);
		};
/* End PBXProject section */

/* Begin PBXResourcesBuildPhase section */
		A1367C192CDCC343009FDA82 /* Resources */ = {
			isa = PBXResourcesBuildPhase;
			buildActionMask = 2147483647;
			files = (
			);
			runOnlyForDeploymentPostprocessing = 0;
		};
/* End PBXResourcesBuildPhase section */

/* Begin PBXSourcesBuildPhase section */
		A1367C172CDCC343009FDA82 /* Sources */ = {
			isa = PBXSourcesBuildPhase;
			buildActionMask = 2147483647;
			files = (
			);
			runOnlyForDeploymentPostprocessing = 0;
		};
/* End PBXSourcesBuildPhase section */

/* Begin XCBuildConfiguration section */
		A1367C272CDCC344009FDA82 /* Debug */ = {
			isa = XCBuildConfiguration;
			buildSettings = {
				ALWAYS_SEARCH_USER_PATHS = NO;
				ASSETCATALOG_COMPILER_GENERATE_SWIFT_ASSET_SYMBOL_EXTENSIONS = YES;
				CLANG_ANALYZER_NONNULL = YES;
				CLANG_ANALYZER_NUMBER_OBJECT_CONVERSION = YES_AGGRESSIVE;
				CLANG_CXX_LANGUAGE_STANDARD = "gnu++20";
				CLANG_ENABLE_MODULES = YES;
				CLANG_ENABLE_OBJC_ARC = YES;
				CLANG_ENABLE_OBJC_WEAK = YES;
				CLANG_WARN_BLOCK_CAPTURE_AUTORELEASING = YES;
				CLANG_WARN_BOOL_CONVERSION = YES;
				CLANG_WARN_COMMA = YES;
				CLANG_WARN_CONSTANT_CONVERSION = YES;
				CLANG_WARN_DEPRECATED_OBJC_IMPLEMENTATIONS = YES;
				CLANG_WARN_DIRECT_OBJC_ISA_USAGE = YES_ERROR;
				CLANG_WARN_DOCUMENTATION_COMMENTS = YES;
				CLANG_WARN_EMPTY_BODY = YES;
				CLANG_WARN_ENUM_CONVERSION = YES;
				CLANG_WARN_INFINITE_RECURSION = YES;
				CLANG_WARN_INT_CONVERSION = YES;
				CLANG_WARN_NON_LITERAL_NULL_CONVERSION = YES;
				CLANG_WARN_OBJC_IMPLICIT_RETAIN_SELF = YES;
				CLANG_WARN_OBJC_LITERAL_CONVERSION = YES;
				CLANG_WARN_OBJC_ROOT_CLASS = YES_ERROR;
				CLANG_WARN_QUOTED_INCLUDE_IN_FRAMEWORK_HEADER = YES;
				CLANG_WARN_RANGE_LOOP_ANALYSIS = YES;
				CLANG_WARN_STRICT_PROTOTYPES = YES;
				CLANG_WARN_SUSPICIOUS_MOVE = YES;
				CLANG_WARN_UNGUARDED_AVAILABILITY = YES_AGGRESSIVE;
				CLANG_WARN_UNREACHABLE_CODE = YES;
				CLANG_WARN__DUPLICATE_METHOD_MATCH = YES;
				COPY_PHASE_STRIP = NO;
				DEBUG_INFORMATION_FORMAT = dwarf;
				DEVELOPMENT_TEAM = 6DSASJ7Z5Z;
				ENABLE_STRICT_OBJC_MSGSEND = YES;
				ENABLE_TESTABILITY = YES;
				ENABLE_USER_SCRIPT_SANDBOXING = YES;
				GCC_C_LANGUAGE_STANDARD = gnu17;
				GCC_DYNAMIC_NO_PIC = NO;
				GCC_NO_COMMON_BLOCKS = YES;
				GCC_OPTIMIZATION_LEVEL = 0;
				GCC_PREPROCESSOR_DEFINITIONS = (
					"DEBUG=1",
					"$(inherited)",
				);
				GCC_WARN_64_TO_32_BIT_CONVERSION = YES;
				GCC_WARN_ABOUT_RETURN_TYPE = YES_ERROR;
				GCC_WARN_UNDECLARED_SELECTOR = YES;
				GCC_WARN_UNINITIALIZED_AUTOS = YES_AGGRESSIVE;
				GCC_WARN_UNUSED_FUNCTION = YES;
				GCC_WARN_UNUSED_VARIABLE = YES;
				IPHONEOS_DEPLOYMENT_TARGET = 18.1;
				LOCALIZATION_PREFERS_STRING_CATALOGS = YES;
				MTL_ENABLE_DEBUG_INFO = INCLUDE_SOURCE;
				MTL_FAST_MATH = YES;
				ONLY_ACTIVE_ARCH = YES;
				SDKROOT = iphoneos;
				SWIFT_ACTIVE_COMPILATION_CONDITIONS = "DEBUG $(inherited)";
				SWIFT_OPTIMIZATION_LEVEL = "-Onone";
			};
			name = Debug;
		};
		A1367C282CDCC344009FDA82 /* Release */ = {
			isa = XCBuildConfiguration;
			buildSettings = {
				ALWAYS_SEARCH_USER_PATHS = NO;
				ASSETCATALOG_COMPILER_GENERATE_SWIFT_ASSET_SYMBOL_EXTENSIONS = YES;
				CLANG_ANALYZER_NONNULL = YES;
				CLANG_ANALYZER_NUMBER_OBJECT_CONVERSION = YES_AGGRESSIVE;
				CLANG_CXX_LANGUAGE_STANDARD = "gnu++20";
				CLANG_ENABLE_MODULES = YES;
				CLANG_ENABLE_OBJC_ARC = YES;
				CLANG_ENABLE_OBJC_WEAK = YES;
				CLANG_WARN_BLOCK_CAPTURE_AUTORELEASING = YES;
				CLANG_WARN_BOOL_CONVERSION = YES;
				CLANG_WARN_COMMA = YES;
				CLANG_WARN_CONSTANT_CONVERSION = YES;
				CLANG_WARN_DEPRECATED_OBJC_IMPLEMENTATIONS = YES;
				CLANG_WARN_DIRECT_OBJC_ISA_USAGE = YES_ERROR;
				CLANG_WARN_DOCUMENTATION_COMMENTS = YES;
				CLANG_WARN_EMPTY_BODY = YES;
				CLANG_WARN_ENUM_CONVERSION = YES;
				CLANG_WARN_INFINITE_RECURSION = YES;
				CLANG_WARN_INT_CONVERSION = YES;
				CLANG_WARN_NON_LITERAL_NULL_CONVERSION = YES;
				CLANG_WARN_OBJC_IMPLICIT_RETAIN_SELF = YES;
				CLANG_WARN_OBJC_LITERAL_CONVERSION = YES;
				CLANG_WARN_OBJC_ROOT_CLASS = YES_ERROR;
				CLANG_WARN_QUOTED_INCLUDE_IN_FRAMEWORK_HEADER = YES;
				CLANG_WARN_RANGE_LOOP_ANALYSIS = YES;
				CLANG_WARN_STRICT_PROTOTYPES = YES;
				CLANG_WARN_SUSPICIOUS_MOVE = YES;
				CLANG_WARN_UNGUARDED_AVAILABILITY = YES_AGGRESSIVE;
				CLANG_WARN_UNREACHABLE_CODE = YES;
				CLANG_WARN__DUPLICATE_METHOD_MATCH = YES;
				COPY_PHASE_STRIP = NO;
				DEBUG_INFORMATION_FORMAT = "dwarf-with-dsym";
				DEVELOPMENT_TEAM = 6DSASJ7Z5Z;
				ENABLE_NS_ASSERTIONS = NO;
				ENABLE_STRICT_OBJC_MSGSEND = YES;
				ENABLE_USER_SCRIPT_SANDBOXING = YES;
				GCC_C_LANGUAGE_STANDARD = gnu17;
				GCC_NO_COMMON_BLOCKS = YES;
				GCC_WARN_64_TO_32_BIT_CONVERSION = YES;
				GCC_WARN_ABOUT_RETURN_TYPE = YES_ERROR;
				GCC_WARN_UNDECLARED_SELECTOR = YES;
				GCC_WARN_UNINITIALIZED_AUTOS = YES_AGGRESSIVE;
				GCC_WARN_UNUSED_FUNCTION = YES;
				GCC_WARN_UNUSED_VARIABLE = YES;
				IPHONEOS_DEPLOYMENT_TARGET = 18.1;
				LOCALIZATION_PREFERS_STRING_CATALOGS = YES;
				MTL_ENABLE_DEBUG_INFO = NO;
				MTL_FAST_MATH = YES;
				SDKROOT = iphoneos;
				SWIFT_COMPILATION_MODE = wholemodule;
				VALIDATE_PRODUCT = YES;
			};
			name = Release;
		};
		A1367C2A2CDCC344009FDA82 /* Debug */ = {
			isa = XCBuildConfiguration;
			buildSettings = {
				ASSETCATALOG_COMPILER_APPICON_NAME = AppIcon;
				ASSETCATALOG_COMPILER_GLOBAL_ACCENT_COLOR_NAME = AccentColor;
				CODE_SIGN_ENTITLEMENTS = WhitelabelPay/WhitelabelPay.entitlements;
				CODE_SIGN_STYLE = Automatic;
				CURRENT_PROJECT_VERSION = 1;
				DEVELOPMENT_ASSET_PATHS = "\"WhitelabelPay/Preview Content\"";
				ENABLE_PREVIEWS = YES;
				GENERATE_INFOPLIST_FILE = YES;
				INFOPLIST_FILE = WhitelabelPay/Info.plist;
				INFOPLIST_KEY_UIApplicationSceneManifest_Generation = YES;
				INFOPLIST_KEY_UIApplicationSupportsIndirectInputEvents = YES;
				INFOPLIST_KEY_UILaunchScreen_Generation = YES;
				INFOPLIST_KEY_UISupportedInterfaceOrientations_iPad = "UIInterfaceOrientationPortrait UIInterfaceOrientationPortraitUpsideDown UIInterfaceOrientationLandscapeLeft UIInterfaceOrientationLandscapeRight";
				INFOPLIST_KEY_UISupportedInterfaceOrientations_iPhone = "UIInterfaceOrientationPortrait UIInterfaceOrientationLandscapeLeft UIInterfaceOrientationLandscapeRight";
				LD_RUNPATH_SEARCH_PATHS = (
					"$(inherited)",
					"@executable_path/Frameworks",
				);
				MARKETING_VERSION = 1.0;
				PRODUCT_BUNDLE_IDENTIFIER = com.paymenttools.wlp.test;
				PRODUCT_NAME = "$(TARGET_NAME)";
				SWIFT_EMIT_LOC_STRINGS = YES;
				SWIFT_VERSION = 5.0;
				TARGETED_DEVICE_FAMILY = "1,2";
			};
			name = Debug;
		};
		A1367C2B2CDCC344009FDA82 /* Release */ = {
			isa = XCBuildConfiguration;
			buildSettings = {
				ASSETCATALOG_COMPILER_APPICON_NAME = AppIcon;
				ASSETCATALOG_COMPILER_GLOBAL_ACCENT_COLOR_NAME = AccentColor;
				CODE_SIGN_ENTITLEMENTS = WhitelabelPay/WhitelabelPay.entitlements;
				CODE_SIGN_STYLE = Automatic;
				CURRENT_PROJECT_VERSION = 1;
				DEVELOPMENT_ASSET_PATHS = "\"WhitelabelPay/Preview Content\"";
				ENABLE_PREVIEWS = YES;
				GENERATE_INFOPLIST_FILE = YES;
				INFOPLIST_FILE = WhitelabelPay/Info.plist;
				INFOPLIST_KEY_UIApplicationSceneManifest_Generation = YES;
				INFOPLIST_KEY_UIApplicationSupportsIndirectInputEvents = YES;
				INFOPLIST_KEY_UILaunchScreen_Generation = YES;
				INFOPLIST_KEY_UISupportedInterfaceOrientations_iPad = "UIInterfaceOrientationPortrait UIInterfaceOrientationPortraitUpsideDown UIInterfaceOrientationLandscapeLeft UIInterfaceOrientationLandscapeRight";
				INFOPLIST_KEY_UISupportedInterfaceOrientations_iPhone = "UIInterfaceOrientationPortrait UIInterfaceOrientationLandscapeLeft UIInterfaceOrientationLandscapeRight";
				LD_RUNPATH_SEARCH_PATHS = (
					"$(inherited)",
					"@executable_path/Frameworks",
				);
				MARKETING_VERSION = 1.0;
				PRODUCT_BUNDLE_IDENTIFIER = com.paymenttools.wlp.test;
				PRODUCT_NAME = "$(TARGET_NAME)";
				SWIFT_EMIT_LOC_STRINGS = YES;
				SWIFT_VERSION = 5.0;
				TARGETED_DEVICE_FAMILY = "1,2";
			};
			name = Release;
		};
/* End XCBuildConfiguration section */

/* Begin XCConfigurationList section */
		A1367C162CDCC343009FDA82 /* Build configuration list for PBXProject "WhitelabelPay" */ = {
			isa = XCConfigurationList;
			buildConfigurations = (
				A1367C272CDCC344009FDA82 /* Debug */,
				A1367C282CDCC344009FDA82 /* Release */,
			);
			defaultConfigurationIsVisible = 0;
			defaultConfigurationName = Release;
		};
		A1367C292CDCC344009FDA82 /* Build configuration list for PBXNativeTarget "WhitelabelPay" */ = {
			isa = XCConfigurationList;
			buildConfigurations = (
				A1367C2A2CDCC344009FDA82 /* Debug */,
				A1367C2B2CDCC344009FDA82 /* Release */,
			);
			defaultConfigurationIsVisible = 0;
			defaultConfigurationName = Release;
		};
/* End XCConfigurationList section */

/* Begin XCLocalSwiftPackageReference section */
		A1309A4C2E60366C000C9B56 /* XCLocalSwiftPackageReference "../../../../wlp-ios-sdk" */ = {
			isa = XCLocalSwiftPackageReference;
			relativePath = "../../../../wlp-ios-sdk";
		};
/* End XCLocalSwiftPackageReference section */

/* Begin XCSwiftPackageProductDependency section */
		A1160E102D71A1AE0076886F /* WhitelabelPaySDK */ = {
			isa = XCSwiftPackageProductDependency;
			productName = WhitelabelPaySDK;
		};
		A1309A4D2E60366C000C9B56 /* WhitelabelPaySDK */ = {
			isa = XCSwiftPackageProductDependency;
			productName = WhitelabelPaySDK;
		};
		A13FADF02D711BF400C0AFD5 /* WhitelabelPaySDK */ = {
			isa = XCSwiftPackageProductDependency;
			productName = WhitelabelPaySDK;
		};
		A1B420342D788A58009A58AF /* WhitelabelPaySDK */ = {
			isa = XCSwiftPackageProductDependency;
			productName = WhitelabelPaySDK;
		};
		A1C60A852E4F4C61005DE1B4 /* WhitelabelPaySDK */ = {
			isa = XCSwiftPackageProductDependency;
			productName = WhitelabelPaySDK;
		};
/* End XCSwiftPackageProductDependency section */
	};
	rootObject = A1367C132CDCC343009FDA82 /* Project object */;
}
