{
  "originHash" : "2d806f10166dbeca3f435c7527214baa13bda2adbfed58a95fa61d981726bc95",
  "pins" : [
    {
      "identity" : "swiftlintplugins",
      "kind" : "remoteSourceControl",
      "location" : "https://github.com/SimplyDanny/SwiftLintPlugins",
      "state" : {
        "revision" : "7a3d77f3dd9f91d5cea138e52c20cfceabf352de",
        "version" : "0.58.2"
      }
    }
  ],
  "version" : 3
}
